
Microsoft Visual Studio Solution File, Format Version 12.00
# Visual Studio Version 16
VisualStudioVersion = 16.0.29806.167
MinimumVisualStudioVersion = 10.0.40219.1
Project("{FAE04EC0-301F-11D3-BF4B-00C04F79EFBC}") = "BrokerService", "BrokerService\BrokerService.csproj", "{9C29E61D-ABC0-403A-8412-674A1C039525}"
EndProject
Project("{2150E333-8FDC-42A3-9474-1A3956D46DE8}") = "APIIntegrations", "APIIntegrations", "{06DF3461-E334-4D5E-B00C-587834A3266B}"
EndProject
Project("{FAE04EC0-301F-11D3-BF4B-00C04F79EFBC}") = "CentralBankIntegrationLibrary", "CentralBankIntegrationLibrary\CentralBankIntegrationLibrary.csproj", "{B076D43A-DAF3-4E8A-AE67-DD408AD11655}"
EndProject
Project("{FAE04EC0-301F-11D3-BF4B-00C04F79EFBC}") = "TinkoffIntegrationLibrary", "TinkoffIntegrationLibrary\TinkoffIntegrationLibrary.csproj", "{F62C4A84-5783-422B-AAF0-21D8DB4AFE30}"
EndProject
Project("{FAE04EC0-301F-11D3-BF4B-00C04F79EFBC}") = "DTO", "APIIntegrations\InterfaceBrokerIntegrationLibrary\DTO.csproj", "{520D3943-5BF0-4BB9-B94E-FF95CCD789F5}"
EndProject
Global
	GlobalSection(SolutionConfigurationPlatforms) = preSolution
		Debug|Any CPU = Debug|Any CPU
		Release|Any CPU = Release|Any CPU
	EndGlobalSection
	GlobalSection(ProjectConfigurationPlatforms) = postSolution
		{9C29E61D-ABC0-403A-8412-674A1C039525}.Debug|Any CPU.ActiveCfg = Debug|Any CPU
		{9C29E61D-ABC0-403A-8412-674A1C039525}.Debug|Any CPU.Build.0 = Debug|Any CPU
		{9C29E61D-ABC0-403A-8412-674A1C039525}.Release|Any CPU.ActiveCfg = Release|Any CPU
		{9C29E61D-ABC0-403A-8412-674A1C039525}.Release|Any CPU.Build.0 = Release|Any CPU
		{B076D43A-DAF3-4E8A-AE67-DD408AD11655}.Debug|Any CPU.ActiveCfg = Debug|Any CPU
		{B076D43A-DAF3-4E8A-AE67-DD408AD11655}.Debug|Any CPU.Build.0 = Debug|Any CPU
		{B076D43A-DAF3-4E8A-AE67-DD408AD11655}.Release|Any CPU.ActiveCfg = Release|Any CPU
		{B076D43A-DAF3-4E8A-AE67-DD408AD11655}.Release|Any CPU.Build.0 = Release|Any CPU
		{F62C4A84-5783-422B-AAF0-21D8DB4AFE30}.Debug|Any CPU.ActiveCfg = Debug|Any CPU
		{F62C4A84-5783-422B-AAF0-21D8DB4AFE30}.Debug|Any CPU.Build.0 = Debug|Any CPU
		{F62C4A84-5783-422B-AAF0-21D8DB4AFE30}.Release|Any CPU.ActiveCfg = Release|Any CPU
		{F62C4A84-5783-422B-AAF0-21D8DB4AFE30}.Release|Any CPU.Build.0 = Release|Any CPU
		{520D3943-5BF0-4BB9-B94E-FF95CCD789F5}.Debug|Any CPU.ActiveCfg = Debug|Any CPU
		{520D3943-5BF0-4BB9-B94E-FF95CCD789F5}.Debug|Any CPU.Build.0 = Debug|Any CPU
		{520D3943-5BF0-4BB9-B94E-FF95CCD789F5}.Release|Any CPU.ActiveCfg = Release|Any CPU
		{520D3943-5BF0-4BB9-B94E-FF95CCD789F5}.Release|Any CPU.Build.0 = Release|Any CPU
	EndGlobalSection
	GlobalSection(SolutionProperties) = preSolution
		HideSolutionNode = FALSE
	EndGlobalSection
	GlobalSection(NestedProjects) = preSolution
		{B076D43A-DAF3-4E8A-AE67-DD408AD11655} = {06DF3461-E334-4D5E-B00C-587834A3266B}
		{F62C4A84-5783-422B-AAF0-21D8DB4AFE30} = {06DF3461-E334-4D5E-B00C-587834A3266B}
		{520D3943-5BF0-4BB9-B94E-FF95CCD789F5} = {06DF3461-E334-4D5E-B00C-587834A3266B}
	EndGlobalSection
	GlobalSection(ExtensibilityGlobals) = postSolution
		SolutionGuid = {96DE6116-D973-47D8-81EE-F6C7227FDD90}
	EndGlobalSection
EndGlobal
